{
  "name": "wareki_seireki",
  "version": "1.0.0",
  "lockfileVersion": 1,
  "requires": true,
  "dependencies": {
    "workbox-sw": {
      "version": "3.3.1",
      "resolved": "https://registry.npmjs.org/workbox-sw/-/workbox-sw-3.3.1.tgz",
      "integrity": "sha512-6U9UW52L/jCdJNQNMlST5nM0DUy7e8lFBzuL6YG7z3VEQJ40bnKfCmdrQ9shZ6qZW/UwEiDp4KhAUMYTr/pZxA==",
      "dev": true
    }
  }
}
